
Microsoft Visual Studio Solution File, Format Version 12.00
# Visual Studio Version 17
VisualStudioVersion = 17.6.33829.357
MinimumVisualStudioVersion = 10.0.40219.1
Project("{FAE04EC0-301F-11D3-BF4B-00C04F79EFBC}") = "HelloWorld", "HelloWorld\HelloWorld.csproj", "{ACD40C48-DA55-45F1-A3C5-CE31E4589449}"
EndProject
Global
	GlobalSection(SolutionConfigurationPlatforms) = preSolution
		Debug|Any CPU = Debug|Any CPU
		Release|Any CPU = Release|Any CPU
	EndGlobalSection
	GlobalSection(ProjectConfigurationPlatforms) = postSolution
		{ACD40C48-DA55-45F1-A3C5-CE31E4589449}.Debug|Any CPU.ActiveCfg = Debug|Any CPU
		{ACD40C48-DA55-45F1-A3C5-CE31E4589449}.Debug|Any CPU.Build.0 = Debug|Any CPU
		{ACD40C48-DA55-45F1-A3C5-CE31E4589449}.Release|Any CPU.ActiveCfg = Release|Any CPU
		{ACD40C48-DA55-45F1-A3C5-CE31E4589449}.Release|Any CPU.Build.0 = Release|Any CPU
	EndGlobalSection
	GlobalSection(SolutionProperties) = preSolution
		HideSolutionNode = FALSE
	EndGlobalSection
	GlobalSection(ExtensibilityGlobals) = postSolution
		SolutionGuid = {4A4FA9E9-E303-45CD-8DD5-13C8ACFD6A40}
	EndGlobalSection
EndGlobal
